<?xml version="1.0" encoding="UTF-8"?>
<Scheme
   LastUpgradeVersion = "1140"
   version = "1.3">
   <BuildAction
      parallelizeBuildables = "YES"
      buildImplicitDependencies = "YES">
      <BuildActionEntries>
         <BuildActionEntry
            buildForTesting = "YES"
            buildForRunning = "YES"
            buildForProfiling = "YES"
            buildForArchiving = "YES"
            buildForAnalyzing = "YES">
            <BuildableReference
               BuildableIdentifier = "primary"
               BlueprintIdentifier = "22728AFA24336FA20086FCBB"
               BuildableName = "[5014] &#x1109;&#x1173;&#x1110;&#x1161;&#x1110;&#x1173;&#x1105;&#x1175;&#x11bc;&#x110f;&#x1173;"
               BlueprintName = "[5014] &#x1109;&#x1173;&#x1110;&#x1161;&#x1110;&#x1173;&#x1105;&#x1175;&#x11bc;&#x110f;&#x1173;"
               ReferencedContainer = "container:[5014] &#x1109;&#x1173;&#x1110;&#x1161;&#x1110;&#x1173;&#x1105;&#x1175;&#x11bc;&#x110f;&#x1173;.xcodeproj">
            </BuildableReference>
         </BuildActionEntry>
      </BuildActionEntries>
   </BuildAction>
   <TestAction
      buildConfiguration = "Debug"
      selectedDebuggerIdentifier = "Xcode.DebuggerFoundation.Debugger.LLDB"
      selectedLauncherIdentifier = "Xcode.DebuggerFoundation.Launcher.LLDB"
      shouldUseLaunchSchemeArgsEnv = "YES">
      <Testables>
      </Testables>
   </TestAction>
   <LaunchAction
      buildConfiguration = "Debug"
      selectedDebuggerIdentifier = "Xcode.DebuggerFoundation.Debugger.LLDB"
      selectedLauncherIdentifier = "Xcode.DebuggerFoundation.Launcher.LLDB"
      launchStyle = "0"
      useCustomWorkingDirectory = "YES"
      customWorkingDirectory = "/Users/YTW/BOJ/[5014] &#x1109;&#x1173;&#x1110;&#x1161;&#x1110;&#x1173;&#x1105;&#x1175;&#x11bc;&#x110f;&#x1173;/[5014] &#x1109;&#x1173;&#x1110;&#x1161;&#x1110;&#x1173;&#x1105;&#x1175;&#x11bc;&#x110f;&#x1173;"
      ignoresPersistentStateOnLaunch = "NO"
      debugDocumentVersioning = "YES"
      debugServiceExtension = "internal"
      allowLocationSimulation = "YES">
      <BuildableProductRunnable
         runnableDebuggingMode = "0">
         <BuildableReference
            BuildableIdentifier = "primary"
            BlueprintIdentifier = "22728AFA24336FA20086FCBB"
            BuildableName = "[5014] &#x1109;&#x1173;&#x1110;&#x1161;&#x1110;&#x1173;&#x1105;&#x1175;&#x11bc;&#x110f;&#x1173;"
            BlueprintName = "[5014] &#x1109;&#x1173;&#x1110;&#x1161;&#x1110;&#x1173;&#x1105;&#x1175;&#x11bc;&#x110f;&#x1173;"
            ReferencedContainer = "container:[5014] &#x1109;&#x1173;&#x1110;&#x1161;&#x1110;&#x1173;&#x1105;&#x1175;&#x11bc;&#x110f;&#x1173;.xcodeproj">
         </BuildableReference>
      </BuildableProductRunnable>
   </LaunchAction>
   <ProfileAction
      buildConfiguration = "Release"
      shouldUseLaunchSchemeArgsEnv = "YES"
      savedToolIdentifier = ""
      useCustomWorkingDirectory = "NO"
      debugDocumentVersioning = "YES">
      <BuildableProductRunnable
         runnableDebuggingMode = "0">
         <BuildableReference
            BuildableIdentifier = "primary"
            BlueprintIdentifier = "22728AFA24336FA20086FCBB"
            BuildableName = "[5014] &#x1109;&#x1173;&#x1110;&#x1161;&#x1110;&#x1173;&#x1105;&#x1175;&#x11bc;&#x110f;&#x1173;"
            BlueprintName = "[5014] &#x1109;&#x1173;&#x1110;&#x1161;&#x1110;&#x1173;&#x1105;&#x1175;&#x11bc;&#x110f;&#x1173;"
            ReferencedContainer = "container:[5014] &#x1109;&#x1173;&#x1110;&#x1161;&#x1110;&#x1173;&#x1105;&#x1175;&#x11bc;&#x110f;&#x1173;.xcodeproj">
         </BuildableReference>
      </BuildableProductRunnable>
   </ProfileAction>
   <AnalyzeAction
      buildConfiguration = "Debug">
   </AnalyzeAction>
   <ArchiveAction
      buildConfiguration = "Release"
      revealArchiveInOrganizer = "YES">
   </ArchiveAction>
</Scheme>
