<?xml version="1.0" encoding="UTF-8"?>
<Scheme
   LastUpgradeVersion = "0940"
   version = "1.3">
   <BuildAction
      parallelizeBuildables = "YES"
      buildImplicitDependencies = "YES">
      <BuildActionEntries>
         <BuildActionEntry
            buildForTesting = "YES"
            buildForRunning = "YES"
            buildForProfiling = "YES"
            buildForArchiving = "YES"
            buildForAnalyzing = "YES">
            <BuildableReference
               BuildableIdentifier = "primary"
               BlueprintIdentifier = "22625B6E23F5517F00015BFA"
               BuildableName = "[1987] &#x110b;&#x1161;&#x11af;&#x1111;&#x1161;&#x1107;&#x1166;&#x11ba;"
               BlueprintName = "[1987] &#x110b;&#x1161;&#x11af;&#x1111;&#x1161;&#x1107;&#x1166;&#x11ba;"
               ReferencedContainer = "container:[1987] &#x110b;&#x1161;&#x11af;&#x1111;&#x1161;&#x1107;&#x1166;&#x11ba;.xcodeproj">
            </BuildableReference>
         </BuildActionEntry>
      </BuildActionEntries>
   </BuildAction>
   <TestAction
      buildConfiguration = "Debug"
      selectedDebuggerIdentifier = "Xcode.DebuggerFoundation.Debugger.LLDB"
      selectedLauncherIdentifier = "Xcode.DebuggerFoundation.Launcher.LLDB"
      shouldUseLaunchSchemeArgsEnv = "YES">
      <Testables>
      </Testables>
      <MacroExpansion>
         <BuildableReference
            BuildableIdentifier = "primary"
            BlueprintIdentifier = "22625B6E23F5517F00015BFA"
            BuildableName = "[1987] &#x110b;&#x1161;&#x11af;&#x1111;&#x1161;&#x1107;&#x1166;&#x11ba;"
            BlueprintName = "[1987] &#x110b;&#x1161;&#x11af;&#x1111;&#x1161;&#x1107;&#x1166;&#x11ba;"
            ReferencedContainer = "container:[1987] &#x110b;&#x1161;&#x11af;&#x1111;&#x1161;&#x1107;&#x1166;&#x11ba;.xcodeproj">
         </BuildableReference>
      </MacroExpansion>
      <AdditionalOptions>
      </AdditionalOptions>
   </TestAction>
   <LaunchAction
      buildConfiguration = "Debug"
      selectedDebuggerIdentifier = "Xcode.DebuggerFoundation.Debugger.LLDB"
      selectedLauncherIdentifier = "Xcode.DebuggerFoundation.Launcher.LLDB"
      launchStyle = "0"
      useCustomWorkingDirectory = "YES"
      customWorkingDirectory = "/Users/YTW/BOJ/[1987] &#x110b;&#x1161;&#x11af;&#x1111;&#x1161;&#x1107;&#x1166;&#x11ba;/[1987] &#x110b;&#x1161;&#x11af;&#x1111;&#x1161;&#x1107;&#x1166;&#x11ba;"
      ignoresPersistentStateOnLaunch = "NO"
      debugDocumentVersioning = "YES"
      debugServiceExtension = "internal"
      allowLocationSimulation = "YES">
      <BuildableProductRunnable
         runnableDebuggingMode = "0">
         <BuildableReference
            BuildableIdentifier = "primary"
            BlueprintIdentifier = "22625B6E23F5517F00015BFA"
            BuildableName = "[1987] &#x110b;&#x1161;&#x11af;&#x1111;&#x1161;&#x1107;&#x1166;&#x11ba;"
            BlueprintName = "[1987] &#x110b;&#x1161;&#x11af;&#x1111;&#x1161;&#x1107;&#x1166;&#x11ba;"
            ReferencedContainer = "container:[1987] &#x110b;&#x1161;&#x11af;&#x1111;&#x1161;&#x1107;&#x1166;&#x11ba;.xcodeproj">
         </BuildableReference>
      </BuildableProductRunnable>
      <AdditionalOptions>
      </AdditionalOptions>
   </LaunchAction>
   <ProfileAction
      buildConfiguration = "Release"
      shouldUseLaunchSchemeArgsEnv = "YES"
      savedToolIdentifier = ""
      useCustomWorkingDirectory = "NO"
      debugDocumentVersioning = "YES">
      <BuildableProductRunnable
         runnableDebuggingMode = "0">
         <BuildableReference
            BuildableIdentifier = "primary"
            BlueprintIdentifier = "22625B6E23F5517F00015BFA"
            BuildableName = "[1987] &#x110b;&#x1161;&#x11af;&#x1111;&#x1161;&#x1107;&#x1166;&#x11ba;"
            BlueprintName = "[1987] &#x110b;&#x1161;&#x11af;&#x1111;&#x1161;&#x1107;&#x1166;&#x11ba;"
            ReferencedContainer = "container:[1987] &#x110b;&#x1161;&#x11af;&#x1111;&#x1161;&#x1107;&#x1166;&#x11ba;.xcodeproj">
         </BuildableReference>
      </BuildableProductRunnable>
   </ProfileAction>
   <AnalyzeAction
      buildConfiguration = "Debug">
   </AnalyzeAction>
   <ArchiveAction
      buildConfiguration = "Release"
      revealArchiveInOrganizer = "YES">
   </ArchiveAction>
</Scheme>
