<?xml version="1.0" encoding="UTF-8"?>
<Scheme
   LastUpgradeVersion = "0940"
   version = "1.3">
   <BuildAction
      parallelizeBuildables = "YES"
      buildImplicitDependencies = "YES">
      <BuildActionEntries>
         <BuildActionEntry
            buildForTesting = "YES"
            buildForRunning = "YES"
            buildForProfiling = "YES"
            buildForArchiving = "YES"
            buildForAnalyzing = "YES">
            <BuildableReference
               BuildableIdentifier = "primary"
               BlueprintIdentifier = "22226A0423E8372B00935664"
               BuildableName = "[1592] &#x110b;&#x1167;&#x11bc;&#x1109;&#x1175;&#x11a8;&#x110b;&#x1175;&#x110b;&#x116a; &#x110e;&#x1175;&#x11ab;&#x1100;&#x116e;&#x1103;&#x1173;&#x11af;"
               BlueprintName = "[1592] &#x110b;&#x1167;&#x11bc;&#x1109;&#x1175;&#x11a8;&#x110b;&#x1175;&#x110b;&#x116a; &#x110e;&#x1175;&#x11ab;&#x1100;&#x116e;&#x1103;&#x1173;&#x11af;"
               ReferencedContainer = "container:[1592] &#x110b;&#x1167;&#x11bc;&#x1109;&#x1175;&#x11a8;&#x110b;&#x1175;&#x110b;&#x116a; &#x110e;&#x1175;&#x11ab;&#x1100;&#x116e;&#x1103;&#x1173;&#x11af;.xcodeproj">
            </BuildableReference>
         </BuildActionEntry>
      </BuildActionEntries>
   </BuildAction>
   <TestAction
      buildConfiguration = "Debug"
      selectedDebuggerIdentifier = "Xcode.DebuggerFoundation.Debugger.LLDB"
      selectedLauncherIdentifier = "Xcode.DebuggerFoundation.Launcher.LLDB"
      shouldUseLaunchSchemeArgsEnv = "YES">
      <Testables>
      </Testables>
      <MacroExpansion>
         <BuildableReference
            BuildableIdentifier = "primary"
            BlueprintIdentifier = "22226A0423E8372B00935664"
            BuildableName = "[1592] &#x110b;&#x1167;&#x11bc;&#x1109;&#x1175;&#x11a8;&#x110b;&#x1175;&#x110b;&#x116a; &#x110e;&#x1175;&#x11ab;&#x1100;&#x116e;&#x1103;&#x1173;&#x11af;"
            BlueprintName = "[1592] &#x110b;&#x1167;&#x11bc;&#x1109;&#x1175;&#x11a8;&#x110b;&#x1175;&#x110b;&#x116a; &#x110e;&#x1175;&#x11ab;&#x1100;&#x116e;&#x1103;&#x1173;&#x11af;"
            ReferencedContainer = "container:[1592] &#x110b;&#x1167;&#x11bc;&#x1109;&#x1175;&#x11a8;&#x110b;&#x1175;&#x110b;&#x116a; &#x110e;&#x1175;&#x11ab;&#x1100;&#x116e;&#x1103;&#x1173;&#x11af;.xcodeproj">
         </BuildableReference>
      </MacroExpansion>
      <AdditionalOptions>
      </AdditionalOptions>
   </TestAction>
   <LaunchAction
      buildConfiguration = "Debug"
      selectedDebuggerIdentifier = "Xcode.DebuggerFoundation.Debugger.LLDB"
      selectedLauncherIdentifier = "Xcode.DebuggerFoundation.Launcher.LLDB"
      launchStyle = "0"
      useCustomWorkingDirectory = "YES"
      customWorkingDirectory = "/Users/YTW/BOJ/[1592] &#x110b;&#x1167;&#x11bc;&#x1109;&#x1175;&#x11a8;&#x110b;&#x1175;&#x110b;&#x116a; &#x110e;&#x1175;&#x11ab;&#x1100;&#x116e;&#x1103;&#x1173;&#x11af;/[1592] &#x110b;&#x1167;&#x11bc;&#x1109;&#x1175;&#x11a8;&#x110b;&#x1175;&#x110b;&#x116a; &#x110e;&#x1175;&#x11ab;&#x1100;&#x116e;&#x1103;&#x1173;&#x11af;"
      ignoresPersistentStateOnLaunch = "NO"
      debugDocumentVersioning = "YES"
      debugServiceExtension = "internal"
      allowLocationSimulation = "YES">
      <BuildableProductRunnable
         runnableDebuggingMode = "0">
         <BuildableReference
            BuildableIdentifier = "primary"
            BlueprintIdentifier = "22226A0423E8372B00935664"
            BuildableName = "[1592] &#x110b;&#x1167;&#x11bc;&#x1109;&#x1175;&#x11a8;&#x110b;&#x1175;&#x110b;&#x116a; &#x110e;&#x1175;&#x11ab;&#x1100;&#x116e;&#x1103;&#x1173;&#x11af;"
            BlueprintName = "[1592] &#x110b;&#x1167;&#x11bc;&#x1109;&#x1175;&#x11a8;&#x110b;&#x1175;&#x110b;&#x116a; &#x110e;&#x1175;&#x11ab;&#x1100;&#x116e;&#x1103;&#x1173;&#x11af;"
            ReferencedContainer = "container:[1592] &#x110b;&#x1167;&#x11bc;&#x1109;&#x1175;&#x11a8;&#x110b;&#x1175;&#x110b;&#x116a; &#x110e;&#x1175;&#x11ab;&#x1100;&#x116e;&#x1103;&#x1173;&#x11af;.xcodeproj">
         </BuildableReference>
      </BuildableProductRunnable>
      <AdditionalOptions>
      </AdditionalOptions>
   </LaunchAction>
   <ProfileAction
      buildConfiguration = "Release"
      shouldUseLaunchSchemeArgsEnv = "YES"
      savedToolIdentifier = ""
      useCustomWorkingDirectory = "NO"
      debugDocumentVersioning = "YES">
      <BuildableProductRunnable
         runnableDebuggingMode = "0">
         <BuildableReference
            BuildableIdentifier = "primary"
            BlueprintIdentifier = "22226A0423E8372B00935664"
            BuildableName = "[1592] &#x110b;&#x1167;&#x11bc;&#x1109;&#x1175;&#x11a8;&#x110b;&#x1175;&#x110b;&#x116a; &#x110e;&#x1175;&#x11ab;&#x1100;&#x116e;&#x1103;&#x1173;&#x11af;"
            BlueprintName = "[1592] &#x110b;&#x1167;&#x11bc;&#x1109;&#x1175;&#x11a8;&#x110b;&#x1175;&#x110b;&#x116a; &#x110e;&#x1175;&#x11ab;&#x1100;&#x116e;&#x1103;&#x1173;&#x11af;"
            ReferencedContainer = "container:[1592] &#x110b;&#x1167;&#x11bc;&#x1109;&#x1175;&#x11a8;&#x110b;&#x1175;&#x110b;&#x116a; &#x110e;&#x1175;&#x11ab;&#x1100;&#x116e;&#x1103;&#x1173;&#x11af;.xcodeproj">
         </BuildableReference>
      </BuildableProductRunnable>
   </ProfileAction>
   <AnalyzeAction
      buildConfiguration = "Debug">
   </AnalyzeAction>
   <ArchiveAction
      buildConfiguration = "Release"
      revealArchiveInOrganizer = "YES">
   </ArchiveAction>
</Scheme>
